
Microsoft Visual Studio Solution File, Format Version 12.00
# Visual Studio Version 17
VisualStudioVersion = 17.6.33815.320
MinimumVisualStudioVersion = 10.0.40219.1
Project("{2150E333-8FDC-42A3-9474-1A3956D46DE8}") = "src", "src", "{A282C060-DD8B-4D14-85B1-830BB826CD8E}"
EndProject
Project("{2150E333-8FDC-42A3-9474-1A3956D46DE8}") = "API", "API", "{A0AF2942-9FB8-4CCF-97F2-DFD206B02782}"
EndProject
Project("{2150E333-8FDC-42A3-9474-1A3956D46DE8}") = "Core", "Core", "{B68B069B-E885-4A08-8FCF-0AECD2B6F118}"
EndProject
Project("{2150E333-8FDC-42A3-9474-1A3956D46DE8}") = "Infrastructure", "Infrastructure", "{17ED1ED2-4B0C-4CF6-9084-E60D14BC851D}"
EndProject
Project("{2150E333-8FDC-42A3-9474-1A3956D46DE8}") = "UI", "UI", "{A83D11A7-685A-430B-83E5-509CC5E8A4D0}"
EndProject
Project("{FAE04EC0-301F-11D3-BF4B-00C04F79EFBC}") = "Delivery.Management.Domain", "Delivery.Management.Domain\Delivery.Management.Domain.csproj", "{6929F5A7-7BE4-474C-A721-C7B285D970AE}"
EndProject
Project("{FAE04EC0-301F-11D3-BF4B-00C04F79EFBC}") = "Delivery.Management.Application", "Delivery.Management.Application\Delivery.Management.Application.csproj", "{8760FD11-4D37-41BE-9806-27A236E17ABF}"
EndProject
Project("{FAE04EC0-301F-11D3-BF4B-00C04F79EFBC}") = "Delivery.Management.API", "Delivery.Management.API\Delivery.Management.API.csproj", "{C5EA213F-ACF4-495D-A2CF-897E5334AA06}"
EndProject
Project("{FAE04EC0-301F-11D3-BF4B-00C04F79EFBC}") = "Delivery.Management.Identity", "Delivery.Management.Identity\Delivery.Management.Identity.csproj", "{830C47B8-37DD-452D-B76D-6A6C6EB11C23}"
EndProject
Project("{FAE04EC0-301F-11D3-BF4B-00C04F79EFBC}") = "Delivery.Management.Persistence", "Delivery.Management.Persistence\Delivery.Management.Persistence.csproj", "{8F70F711-35CD-4F58-A2EE-3EF86358C805}"
EndProject
Project("{FAE04EC0-301F-11D3-BF4B-00C04F79EFBC}") = "Delivery.Management.MVC", "Delivery.Management.MVC\Delivery.Management.MVC.csproj", "{C3FEBBAA-D653-4971-B265-BDE9CDC35E45}"
EndProject
Global
	GlobalSection(SolutionConfigurationPlatforms) = preSolution
		Debug|Any CPU = Debug|Any CPU
		Release|Any CPU = Release|Any CPU
	EndGlobalSection
	GlobalSection(ProjectConfigurationPlatforms) = postSolution
		{6929F5A7-7BE4-474C-A721-C7B285D970AE}.Debug|Any CPU.ActiveCfg = Debug|Any CPU
		{6929F5A7-7BE4-474C-A721-C7B285D970AE}.Debug|Any CPU.Build.0 = Debug|Any CPU
		{6929F5A7-7BE4-474C-A721-C7B285D970AE}.Release|Any CPU.ActiveCfg = Release|Any CPU
		{6929F5A7-7BE4-474C-A721-C7B285D970AE}.Release|Any CPU.Build.0 = Release|Any CPU
		{8760FD11-4D37-41BE-9806-27A236E17ABF}.Debug|Any CPU.ActiveCfg = Debug|Any CPU
		{8760FD11-4D37-41BE-9806-27A236E17ABF}.Debug|Any CPU.Build.0 = Debug|Any CPU
		{8760FD11-4D37-41BE-9806-27A236E17ABF}.Release|Any CPU.ActiveCfg = Release|Any CPU
		{8760FD11-4D37-41BE-9806-27A236E17ABF}.Release|Any CPU.Build.0 = Release|Any CPU
		{C5EA213F-ACF4-495D-A2CF-897E5334AA06}.Debug|Any CPU.ActiveCfg = Debug|Any CPU
		{C5EA213F-ACF4-495D-A2CF-897E5334AA06}.Debug|Any CPU.Build.0 = Debug|Any CPU
		{C5EA213F-ACF4-495D-A2CF-897E5334AA06}.Release|Any CPU.ActiveCfg = Release|Any CPU
		{C5EA213F-ACF4-495D-A2CF-897E5334AA06}.Release|Any CPU.Build.0 = Release|Any CPU
		{830C47B8-37DD-452D-B76D-6A6C6EB11C23}.Debug|Any CPU.ActiveCfg = Debug|Any CPU
		{830C47B8-37DD-452D-B76D-6A6C6EB11C23}.Debug|Any CPU.Build.0 = Debug|Any CPU
		{830C47B8-37DD-452D-B76D-6A6C6EB11C23}.Release|Any CPU.ActiveCfg = Release|Any CPU
		{830C47B8-37DD-452D-B76D-6A6C6EB11C23}.Release|Any CPU.Build.0 = Release|Any CPU
		{8F70F711-35CD-4F58-A2EE-3EF86358C805}.Debug|Any CPU.ActiveCfg = Debug|Any CPU
		{8F70F711-35CD-4F58-A2EE-3EF86358C805}.Debug|Any CPU.Build.0 = Debug|Any CPU
		{8F70F711-35CD-4F58-A2EE-3EF86358C805}.Release|Any CPU.ActiveCfg = Release|Any CPU
		{8F70F711-35CD-4F58-A2EE-3EF86358C805}.Release|Any CPU.Build.0 = Release|Any CPU
		{C3FEBBAA-D653-4971-B265-BDE9CDC35E45}.Debug|Any CPU.ActiveCfg = Debug|Any CPU
		{C3FEBBAA-D653-4971-B265-BDE9CDC35E45}.Debug|Any CPU.Build.0 = Debug|Any CPU
		{C3FEBBAA-D653-4971-B265-BDE9CDC35E45}.Release|Any CPU.ActiveCfg = Release|Any CPU
		{C3FEBBAA-D653-4971-B265-BDE9CDC35E45}.Release|Any CPU.Build.0 = Release|Any CPU
	EndGlobalSection
	GlobalSection(SolutionProperties) = preSolution
		HideSolutionNode = FALSE
	EndGlobalSection
	GlobalSection(NestedProjects) = preSolution
		{A0AF2942-9FB8-4CCF-97F2-DFD206B02782} = {A282C060-DD8B-4D14-85B1-830BB826CD8E}
		{B68B069B-E885-4A08-8FCF-0AECD2B6F118} = {A282C060-DD8B-4D14-85B1-830BB826CD8E}
		{17ED1ED2-4B0C-4CF6-9084-E60D14BC851D} = {A282C060-DD8B-4D14-85B1-830BB826CD8E}
		{A83D11A7-685A-430B-83E5-509CC5E8A4D0} = {A282C060-DD8B-4D14-85B1-830BB826CD8E}
		{6929F5A7-7BE4-474C-A721-C7B285D970AE} = {B68B069B-E885-4A08-8FCF-0AECD2B6F118}
		{8760FD11-4D37-41BE-9806-27A236E17ABF} = {B68B069B-E885-4A08-8FCF-0AECD2B6F118}
		{C5EA213F-ACF4-495D-A2CF-897E5334AA06} = {A0AF2942-9FB8-4CCF-97F2-DFD206B02782}
		{830C47B8-37DD-452D-B76D-6A6C6EB11C23} = {17ED1ED2-4B0C-4CF6-9084-E60D14BC851D}
		{8F70F711-35CD-4F58-A2EE-3EF86358C805} = {17ED1ED2-4B0C-4CF6-9084-E60D14BC851D}
		{C3FEBBAA-D653-4971-B265-BDE9CDC35E45} = {A83D11A7-685A-430B-83E5-509CC5E8A4D0}
	EndGlobalSection
	GlobalSection(ExtensibilityGlobals) = postSolution
		SolutionGuid = {D05E4B19-BA60-41E5-ADAD-18302FCD124E}
	EndGlobalSection
EndGlobal
